PODS:
  - AHContainer (0.2.2):
    - ALEither
  - ALEither (0.1.8)
  - mCardsContainer (0.1.4):
    - AHContainer

DEPENDENCIES:
  - mCardsContainer (from `../`)

SPEC REPOS:
  trunk:
    - AHContainer
    - ALEither

EXTERNAL SOURCES:
  mCardsContainer:
    :path: "../"

SPEC CHECKSUMS:
  AHContainer: 870bb0204341298f60d40eacb6185c6a7e41a4ef
  ALEither: 57cfaba77b3a2c2e15741b16213b515d9bc839a6
  mCardsContainer: c60f17937dd6cf7906dd99973a6f651ba3c2bc4b

PODFILE CHECKSUM: 80f7766bf2148e471f252dc68179eb0aa9ecb610

COCOAPODS: 1.8.3
